Microsoft Visual Studio Solution File, Format Version 12.00
# Visual Studio Version 17
VisualStudioVersion = 17.5.2.0
MinimumVisualStudioVersion = 10.0.40219.1
Project("{FAE04EC0-301F-11D3-BF4B-00C04F79EFBC}") = "OrderSystemAPI", "OrderSystemAPI.csproj", "{34AA61E4-2E60-57DF-7E05-29239C8760AB}"
EndProject
Global
	GlobalSection(SolutionConfigurationPlatforms) = preSolution
		Debug|Any CPU = Debug|Any CPU
		Release|Any CPU = Release|Any CPU
	EndGlobalSection
	GlobalSection(ProjectConfigurationPlatforms) = postSolution
		{34AA61E4-2E60-57DF-7E05-29239C8760AB}.Debug|Any CPU.ActiveCfg = Debug|Any CPU
		{34AA61E4-2E60-57DF-7E05-29239C8760AB}.Debug|Any CPU.Build.0 = Debug|Any CPU
		{34AA61E4-2E60-57DF-7E05-29239C8760AB}.Release|Any CPU.ActiveCfg = Release|Any CPU
		{34AA61E4-2E60-57DF-7E05-29239C8760AB}.Release|Any CPU.Build.0 = Release|Any CPU
	EndGlobalSection
	GlobalSection(SolutionProperties) = preSolution
		HideSolutionNode = FALSE
	EndGlobalSection
	GlobalSection(ExtensibilityGlobals) = postSolution
		SolutionGuid = {6F42D8DB-394F-4298-954F-07CA8451C60C}
	EndGlobalSection
EndGlobal
